
Microsoft Visual Studio Solution File, Format Version 12.00
# Visual Studio Version 16
VisualStudioVersion = 16.0.30218.91
MinimumVisualStudioVersion = 10.0.40219.1
Project("{9A19103F-16F7-4668-BE54-9A1E7A4F7556}") = "PluginTests.Server", "PluginTests\Server\PluginTests.Server.csproj", "{6CF08C98-B4B0-4088-A079-02A180A66F55}"
	ProjectSection(ProjectDependencies) = postProject
		{F2C78F22-68B1-42EA-80B4-90AB2667B729} = {F2C78F22-68B1-42EA-80B4-90AB2667B729}
		{247615FB-7A05-4507-80C3-465E468A773F} = {247615FB-7A05-4507-80C3-465E468A773F}
	EndProjectSection
EndProject
Project("{9A19103F-16F7-4668-BE54-9A1E7A4F7556}") = "PluginTests.Client", "PluginTests\Client\PluginTests.Client.csproj", "{B911D0FB-1D24-4307-BF69-12CA845CB917}"
EndProject
Project("{9A19103F-16F7-4668-BE54-9A1E7A4F7556}") = "PluginTests.Shared", "PluginTests\Shared\PluginTests.Shared.csproj", "{874239AF-DE28-456B-8A69-329277F73FC0}"
EndProject
Project("{9A19103F-16F7-4668-BE54-9A1E7A4F7556}") = "PluginHost", "PluginHost\PluginHost.csproj", "{F2C78F22-68B1-42EA-80B4-90AB2667B729}"
EndProject
Project("{9A19103F-16F7-4668-BE54-9A1E7A4F7556}") = "StandalonePlugin", "StandalonePlugin\StandalonePlugin.csproj", "{247615FB-7A05-4507-80C3-465E468A773F}"
EndProject
Project("{2150E333-8FDC-42A3-9474-1A3956D46DE8}") = "Solution Items", "Solution Items", "{34B24C44-99B6-4249-BAC7-5E9864FE54D0}"
	ProjectSection(SolutionItems) = preProject
		Directory.Build.props = Directory.Build.props
		README.md = README.md
	EndProjectSection
EndProject
Global
	GlobalSection(SolutionConfigurationPlatforms) = preSolution
		Debug|Any CPU = Debug|Any CPU
		Release|Any CPU = Release|Any CPU
	EndGlobalSection
	GlobalSection(ProjectConfigurationPlatforms) = postSolution
		{6CF08C98-B4B0-4088-A079-02A180A66F55}.Debug|Any CPU.ActiveCfg = Debug|Any CPU
		{6CF08C98-B4B0-4088-A079-02A180A66F55}.Debug|Any CPU.Build.0 = Debug|Any CPU
		{6CF08C98-B4B0-4088-A079-02A180A66F55}.Release|Any CPU.ActiveCfg = Release|Any CPU
		{6CF08C98-B4B0-4088-A079-02A180A66F55}.Release|Any CPU.Build.0 = Release|Any CPU
		{B911D0FB-1D24-4307-BF69-12CA845CB917}.Debug|Any CPU.ActiveCfg = Debug|Any CPU
		{B911D0FB-1D24-4307-BF69-12CA845CB917}.Debug|Any CPU.Build.0 = Debug|Any CPU
		{B911D0FB-1D24-4307-BF69-12CA845CB917}.Release|Any CPU.ActiveCfg = Release|Any CPU
		{B911D0FB-1D24-4307-BF69-12CA845CB917}.Release|Any CPU.Build.0 = Release|Any CPU
		{874239AF-DE28-456B-8A69-329277F73FC0}.Debug|Any CPU.ActiveCfg = Debug|Any CPU
		{874239AF-DE28-456B-8A69-329277F73FC0}.Debug|Any CPU.Build.0 = Debug|Any CPU
		{874239AF-DE28-456B-8A69-329277F73FC0}.Release|Any CPU.ActiveCfg = Release|Any CPU
		{874239AF-DE28-456B-8A69-329277F73FC0}.Release|Any CPU.Build.0 = Release|Any CPU
		{F2C78F22-68B1-42EA-80B4-90AB2667B729}.Debug|Any CPU.ActiveCfg = Debug|Any CPU
		{F2C78F22-68B1-42EA-80B4-90AB2667B729}.Debug|Any CPU.Build.0 = Debug|Any CPU
		{F2C78F22-68B1-42EA-80B4-90AB2667B729}.Release|Any CPU.ActiveCfg = Release|Any CPU
		{F2C78F22-68B1-42EA-80B4-90AB2667B729}.Release|Any CPU.Build.0 = Release|Any CPU
		{247615FB-7A05-4507-80C3-465E468A773F}.Debug|Any CPU.ActiveCfg = Debug|Any CPU
		{247615FB-7A05-4507-80C3-465E468A773F}.Debug|Any CPU.Build.0 = Debug|Any CPU
		{247615FB-7A05-4507-80C3-465E468A773F}.Release|Any CPU.ActiveCfg = Release|Any CPU
		{247615FB-7A05-4507-80C3-465E468A773F}.Release|Any CPU.Build.0 = Release|Any CPU
	EndGlobalSection
	GlobalSection(SolutionProperties) = preSolution
		HideSolutionNode = FALSE
	EndGlobalSection
	GlobalSection(ExtensibilityGlobals) = postSolution
		SolutionGuid = {B1B867B4-5C42-47D1-98A9-4A947D343172}
	EndGlobalSection
EndGlobal
